<?xml version="1.0" encoding="utf-8"?>
<Project ToolsVersion="4.0" xmlns="http://schemas.microsoft.com/developer/msbuild/2003">
  <ItemGroup>
    <Filter Include="Source Files">
      <UniqueIdentifier>{4FC737F1-C7A5-4376-A066-2A32D752A2FF}</UniqueIdentifier>
      <Extensions>cpp;c;cc;cxx;def;odl;idl;hpj;bat;asm;asmx</Extensions>
    </Filter>
    <Filter Include="Header Files">
      <UniqueIdentifier>{93995380-89BD-4b04-88EB-625FBE52EBFB}</UniqueIdentifier>
      <Extensions>h;hh;hpp;hxx;hm;inl;inc;xsd</Extensions>
    </Filter>
    <Filter Include="Resource Files">
      <UniqueIdentifier>{67DA6AB6-F800-4c08-8B7A-83BB121AAD01}</UniqueIdentifier>
      <Extensions>rc;ico;cur;bmp;dlg;rc2;rct;bin;rgs;gif;jpg;jpeg;jpe;resx;tiff;tif;png;wav;mfcribbon-ms</Extensions>
    </Filter>
  </ItemGroup>
  <ItemGroup>
    <ClCompile Include="main.cpp">
      <Filter>Source Files</Filter>
    </ClCompile>
  </ItemGroup>
  <ItemGroup>
    <ClInclude Include="BaseDefines.h">
      <Filter>Header Files</Filter>
    </ClInclude>
    <ClInclude Include="BaseEnumerations.h">
      <Filter>Header Files</Filter>
    </ClInclude>
    <ClInclude Include="BaseCalculators.h">
      <Filter>Header Files</Filter>
    </ClInclude>
    <ClInclude Include="Position.h">
      <Filter>Header Files</Filter>
    </ClInclude>
    <ClInclude Include="MapsVariety.h">
      <Filter>Header Files</Filter>
    </ClInclude>
    <ClInclude Include="BaseOperators.h">
      <Filter>Header Files</Filter>
    </ClInclude>
    <ClInclude Include="BaseInitializers.h">
      <Filter>Header Files</Filter>
    </ClInclude>
    <ClInclude Include="GenericOperations.h">
      <Filter>Header Files</Filter>
    </ClInclude>
    <ClInclude Include="BaseSquareOperations.h">
      <Filter>Header Files</Filter>
    </ClInclude>
    <ClInclude Include="BaseHexOperations.h">
      <Filter>Header Files</Filter>
    </ClInclude>
    <ClInclude Include="MainMap.h">
      <Filter>Header Files</Filter>
    </ClInclude>
    <ClInclude Include="HexBFS.h">
      <Filter>Header Files</Filter>
    </ClInclude>
    <ClInclude Include="HexDijkstra.h">
      <Filter>Header Files</Filter>
    </ClInclude>
    <ClInclude Include="HexGreedy.h">
      <Filter>Header Files</Filter>
    </ClInclude>
    <ClInclude Include="HexAStar.h">
      <Filter>Header Files</Filter>
    </ClInclude>
    <ClInclude Include="SquareAStar.h">
      <Filter>Header Files</Filter>
    </ClInclude>
    <ClInclude Include="SquareBFS.h">
      <Filter>Header Files</Filter>
    </ClInclude>
    <ClInclude Include="SquareDijkstra.h">
      <Filter>Header Files</Filter>
    </ClInclude>
    <ClInclude Include="SquareGreedy.h">
      <Filter>Header Files</Filter>
    </ClInclude>
    <ClInclude Include="BaseBFS.h">
      <Filter>Header Files</Filter>
    </ClInclude>
    <ClInclude Include="BaseDijkstra.h">
      <Filter>Header Files</Filter>
    </ClInclude>
    <ClInclude Include="BaseGreedy.h">
      <Filter>Header Files</Filter>
    </ClInclude>
    <ClInclude Include="BaseAStar.h">
      <Filter>Header Files</Filter>
    </ClInclude>
    <ClInclude Include="SquareBlockAStar.h">
      <Filter>Header Files</Filter>
    </ClInclude>
    <ClInclude Include="BaseBlockAStar.h">
      <Filter>Header Files</Filter>
    </ClInclude>
    <ClInclude Include="SquareLDDBCalculator.h">
      <Filter>Header Files</Filter>
    </ClInclude>
    <ClInclude Include="PositionRelations.h">
      <Filter>Header Files</Filter>
    </ClInclude>
    <ClInclude Include="EgressCells.h">
      <Filter>Header Files</Filter>
    </ClInclude>
    <ClInclude Include="SquareExpandBlock.h">
      <Filter>Header Files</Filter>
    </ClInclude>
  </ItemGroup>
</Project>